
Microsoft Visual Studio Solution File, Format Version 12.00
# Visual Studio Version 17
VisualStudioVersion = 17.0.31903.59
MinimumVisualStudioVersion = 10.0.40219.1
Project("{2150E333-8FDC-42A3-9474-1A3956D46DE8}") = "src", "src", "{827E0CD3-B72D-47B6-A68D-7590B98EB39B}"
EndProject
Project("{2150E333-8FDC-42A3-9474-1A3956D46DE8}") = "Platform", "Platform", "{4DF80442-A1E5-CC28-AE7B-27B5F9BFE52B}"
EndProject
Project("{FAE04EC0-301F-11D3-BF4B-00C04F79EFBC}") = "Lunara.Api", "src\Platform\Lunara.Api\Lunara.Api.csproj", "{2703FB0D-36A1-456D-97D7-DCD82A84D93A}"
EndProject
Project("{FAE04EC0-301F-11D3-BF4B-00C04F79EFBC}") = "Lunara.Worker", "src\Platform\Lunara.Worker\Lunara.Worker.csproj", "{176A7294-5E48-46A3-88AB-8198AA0DEBB4}"
EndProject
Project("{FAE04EC0-301F-11D3-BF4B-00C04F79EFBC}") = "Lunara.SharedKernel", "src\Platform\Lunara.SharedKernel\Lunara.SharedKernel.csproj", "{45F61222-458F-4EF0-B93B-295B1ED0D0BD}"
EndProject
Project("{FAE04EC0-301F-11D3-BF4B-00C04F79EFBC}") = "Lunara.BuildingBlocks", "src\Platform\Lunara.BuildingBlocks\Lunara.BuildingBlocks.csproj", "{C88221E1-E482-4ED5-8FEC-2819D9596F81}"
EndProject
Project("{FAE04EC0-301F-11D3-BF4B-00C04F79EFBC}") = "Lunara.Infrastructure.Host", "src\Platform\Lunara.Infrastructure.Host\Lunara.Infrastructure.Host.csproj", "{13C7FC63-9E33-4A91-83AC-B753CEE7CA01}"
EndProject
Project("{2150E333-8FDC-42A3-9474-1A3956D46DE8}") = "Modules", "Modules", "{EC447DCF-ABFA-6E24-52A5-D7FD48A5C558}"
EndProject
Project("{2150E333-8FDC-42A3-9474-1A3956D46DE8}") = "Identity", "Identity", "{0EC62A1A-9858-3A60-8A0C-FC9AACFA2EC7}"
EndProject
Project("{FAE04EC0-301F-11D3-BF4B-00C04F79EFBC}") = "Lunara.Identity.Domain", "src\Modules\Identity\Lunara.Identity.Domain\Lunara.Identity.Domain.csproj", "{A4988F6A-F5A9-4F19-8A13-A2312BC7E609}"
EndProject
Project("{FAE04EC0-301F-11D3-BF4B-00C04F79EFBC}") = "Lunara.Identity.Application", "src\Modules\Identity\Lunara.Identity.Application\Lunara.Identity.Application.csproj", "{D49E358A-3DEF-44CC-A4AD-A173437FD429}"
EndProject
Project("{FAE04EC0-301F-11D3-BF4B-00C04F79EFBC}") = "Lunara.Identity.Infrastructure", "src\Modules\Identity\Lunara.Identity.Infrastructure\Lunara.Identity.Infrastructure.csproj", "{80341B46-16F5-42BB-9BA2-E1796F833635}"
EndProject
Project("{2150E333-8FDC-42A3-9474-1A3956D46DE8}") = "Profiles", "Profiles", "{CA5186C2-289A-9324-4152-9805A73A9773}"
EndProject
Project("{FAE04EC0-301F-11D3-BF4B-00C04F79EFBC}") = "Lunara.Profiles.Domain", "src\Modules\Profiles\Lunara.Profiles.Domain\Lunara.Profiles.Domain.csproj", "{498DEAA0-1F71-4FDB-8562-9D29D472C1AD}"
EndProject
Project("{FAE04EC0-301F-11D3-BF4B-00C04F79EFBC}") = "Lunara.Profiles.Application", "src\Modules\Profiles\Lunara.Profiles.Application\Lunara.Profiles.Application.csproj", "{FF8D50BF-3B48-445D-9E26-906119FD7C83}"
EndProject
Project("{FAE04EC0-301F-11D3-BF4B-00C04F79EFBC}") = "Lunara.Profiles.Infrastructure", "src\Modules\Profiles\Lunara.Profiles.Infrastructure\Lunara.Profiles.Infrastructure.csproj", "{01AF3493-8CB5-4E3F-AB81-24A49812EBDA}"
EndProject
Project("{2150E333-8FDC-42A3-9474-1A3956D46DE8}") = "Discovery", "Discovery", "{45D4843E-D65D-046D-A47C-6FD9A62F431A}"
EndProject
Project("{FAE04EC0-301F-11D3-BF4B-00C04F79EFBC}") = "Lunara.Discovery.Domain", "src\Modules\Discovery\Lunara.Discovery.Domain\Lunara.Discovery.Domain.csproj", "{94E083A8-2814-4D47-B972-B8FF9DEEBC9B}"
EndProject
Project("{FAE04EC0-301F-11D3-BF4B-00C04F79EFBC}") = "Lunara.Discovery.Application", "src\Modules\Discovery\Lunara.Discovery.Application\Lunara.Discovery.Application.csproj", "{5E54190F-5C91-47EB-B62C-EC2162665A34}"
EndProject
Project("{FAE04EC0-301F-11D3-BF4B-00C04F79EFBC}") = "Lunara.Discovery.Infrastructure", "src\Modules\Discovery\Lunara.Discovery.Infrastructure\Lunara.Discovery.Infrastructure.csproj", "{3E7930E6-241A-4F91-A661-5121ECF3EABA}"
EndProject
Project("{2150E333-8FDC-42A3-9474-1A3956D46DE8}") = "Social", "Social", "{33660D39-1269-9B84-677B-56E9D3E08720}"
EndProject
Project("{FAE04EC0-301F-11D3-BF4B-00C04F79EFBC}") = "Lunara.Social.Domain", "src\Modules\Social\Lunara.Social.Domain\Lunara.Social.Domain.csproj", "{C576AB19-3CCC-4C33-8AAC-B9B6544DF27B}"
EndProject
Project("{FAE04EC0-301F-11D3-BF4B-00C04F79EFBC}") = "Lunara.Social.Application", "src\Modules\Social\Lunara.Social.Application\Lunara.Social.Application.csproj", "{690076EA-F954-4539-92A9-AB27D6C9B8B5}"
EndProject
Project("{FAE04EC0-301F-11D3-BF4B-00C04F79EFBC}") = "Lunara.Social.Infrastructure", "src\Modules\Social\Lunara.Social.Infrastructure\Lunara.Social.Infrastructure.csproj", "{A3226692-01A1-4BCA-9A0E-20B931F54211}"
EndProject
Project("{2150E333-8FDC-42A3-9474-1A3956D46DE8}") = "Messaging", "Messaging", "{AE120A0E-5815-2D46-946C-DA544028AD88}"
EndProject
Project("{FAE04EC0-301F-11D3-BF4B-00C04F79EFBC}") = "Lunara.Messaging.Domain", "src\Modules\Messaging\Lunara.Messaging.Domain\Lunara.Messaging.Domain.csproj", "{42DCB15D-49C4-42CA-A532-59E2A4543EA9}"
EndProject
Project("{FAE04EC0-301F-11D3-BF4B-00C04F79EFBC}") = "Lunara.Messaging.Application", "src\Modules\Messaging\Lunara.Messaging.Application\Lunara.Messaging.Application.csproj", "{46E8E173-AA49-49B9-B3F2-C444488F2618}"
EndProject
Project("{FAE04EC0-301F-11D3-BF4B-00C04F79EFBC}") = "Lunara.Messaging.Infrastructure", "src\Modules\Messaging\Lunara.Messaging.Infrastructure\Lunara.Messaging.Infrastructure.csproj", "{0DE6644E-C752-48AE-9CF5-AA99361EED58}"
EndProject
Project("{2150E333-8FDC-42A3-9474-1A3956D46DE8}") = "Media", "Media", "{ABB153F5-497E-25E7-E918-29ED4C71B6E5}"
EndProject
Project("{FAE04EC0-301F-11D3-BF4B-00C04F79EFBC}") = "Lunara.Media.Domain", "src\Modules\Media\Lunara.Media.Domain\Lunara.Media.Domain.csproj", "{C3D8E81F-EF11-41B9-82F7-BC68AE829333}"
EndProject
Project("{FAE04EC0-301F-11D3-BF4B-00C04F79EFBC}") = "Lunara.Media.Application", "src\Modules\Media\Lunara.Media.Application\Lunara.Media.Application.csproj", "{F0C2F934-64EC-409E-9FC3-AA71A8E1A190}"
EndProject
Project("{FAE04EC0-301F-11D3-BF4B-00C04F79EFBC}") = "Lunara.Media.Infrastructure", "src\Modules\Media\Lunara.Media.Infrastructure\Lunara.Media.Infrastructure.csproj", "{449D9058-B174-45D2-B307-1D70AF1B99F4}"
EndProject
Project("{2150E333-8FDC-42A3-9474-1A3956D46DE8}") = "Notifications", "Notifications", "{DE9DAF8A-E684-0FD3-FFDC-40D3E3158533}"
EndProject
Project("{FAE04EC0-301F-11D3-BF4B-00C04F79EFBC}") = "Lunara.Notifications.Domain", "src\Modules\Notifications\Lunara.Notifications.Domain\Lunara.Notifications.Domain.csproj", "{7F70B43E-09F4-4153-93B5-27F0097368D2}"
EndProject
Project("{FAE04EC0-301F-11D3-BF4B-00C04F79EFBC}") = "Lunara.Notifications.Application", "src\Modules\Notifications\Lunara.Notifications.Application\Lunara.Notifications.Application.csproj", "{70199052-CF8C-45E3-8DFF-2B205244397B}"
EndProject
Project("{FAE04EC0-301F-11D3-BF4B-00C04F79EFBC}") = "Lunara.Notifications.Infrastructure", "src\Modules\Notifications\Lunara.Notifications.Infrastructure\Lunara.Notifications.Infrastructure.csproj", "{BECEA70B-A1CB-4C20-A50C-092B50A4DAFC}"
EndProject
Project("{2150E333-8FDC-42A3-9474-1A3956D46DE8}") = "Moderation", "Moderation", "{CCE8970C-F19F-F7F5-0E2D-F3755490E052}"
EndProject
Project("{FAE04EC0-301F-11D3-BF4B-00C04F79EFBC}") = "Lunara.Moderation.Domain", "src\Modules\Moderation\Lunara.Moderation.Domain\Lunara.Moderation.Domain.csproj", "{3AFF86DC-C47E-4018-B43E-35356429EBFC}"
EndProject
Project("{FAE04EC0-301F-11D3-BF4B-00C04F79EFBC}") = "Lunara.Moderation.Application", "src\Modules\Moderation\Lunara.Moderation.Application\Lunara.Moderation.Application.csproj", "{4B7AB7D0-EA42-4F30-A8CE-B7E9A89A56E6}"
EndProject
Project("{FAE04EC0-301F-11D3-BF4B-00C04F79EFBC}") = "Lunara.Moderation.Infrastructure", "src\Modules\Moderation\Lunara.Moderation.Infrastructure\Lunara.Moderation.Infrastructure.csproj", "{52ED7900-1D5B-4B80-915E-637879F56E8F}"
EndProject
Project("{2150E333-8FDC-42A3-9474-1A3956D46DE8}") = "tests", "tests", "{0AB3BF05-4346-4AA6-1389-037BE0695223}"
EndProject
Project("{FAE04EC0-301F-11D3-BF4B-00C04F79EFBC}") = "Lunara.UnitTests", "tests\Lunara.UnitTests\Lunara.UnitTests.csproj", "{C03270AA-A6C5-4538-A125-396CADE222AA}"
EndProject
Project("{FAE04EC0-301F-11D3-BF4B-00C04F79EFBC}") = "Lunara.ArchTests", "tests\Lunara.ArchTests\Lunara.ArchTests.csproj", "{BE1CBAE7-DD84-4E40-88B3-80D571D3AFCC}"
EndProject
Global
	GlobalSection(SolutionConfigurationPlatforms) = preSolution
		Debug|Any CPU = Debug|Any CPU
		Debug|x64 = Debug|x64
		Debug|x86 = Debug|x86
		Release|Any CPU = Release|Any CPU
		Release|x64 = Release|x64
		Release|x86 = Release|x86
	EndGlobalSection
	GlobalSection(ProjectConfigurationPlatforms) = postSolution
		{2703FB0D-36A1-456D-97D7-DCD82A84D93A}.Debug|Any CPU.ActiveCfg = Debug|Any CPU
		{2703FB0D-36A1-456D-97D7-DCD82A84D93A}.Debug|Any CPU.Build.0 = Debug|Any CPU
		{2703FB0D-36A1-456D-97D7-DCD82A84D93A}.Debug|x64.ActiveCfg = Debug|Any CPU
		{2703FB0D-36A1-456D-97D7-DCD82A84D93A}.Debug|x64.Build.0 = Debug|Any CPU
		{2703FB0D-36A1-456D-97D7-DCD82A84D93A}.Debug|x86.ActiveCfg = Debug|Any CPU
		{2703FB0D-36A1-456D-97D7-DCD82A84D93A}.Debug|x86.Build.0 = Debug|Any CPU
		{2703FB0D-36A1-456D-97D7-DCD82A84D93A}.Release|Any CPU.ActiveCfg = Release|Any CPU
		{2703FB0D-36A1-456D-97D7-DCD82A84D93A}.Release|Any CPU.Build.0 = Release|Any CPU
		{2703FB0D-36A1-456D-97D7-DCD82A84D93A}.Release|x64.ActiveCfg = Release|Any CPU
		{2703FB0D-36A1-456D-97D7-DCD82A84D93A}.Release|x64.Build.0 = Release|Any CPU
		{2703FB0D-36A1-456D-97D7-DCD82A84D93A}.Release|x86.ActiveCfg = Release|Any CPU
		{2703FB0D-36A1-456D-97D7-DCD82A84D93A}.Release|x86.Build.0 = Release|Any CPU
		{176A7294-5E48-46A3-88AB-8198AA0DEBB4}.Debug|Any CPU.ActiveCfg = Debug|Any CPU
		{176A7294-5E48-46A3-88AB-8198AA0DEBB4}.Debug|Any CPU.Build.0 = Debug|Any CPU
		{176A7294-5E48-46A3-88AB-8198AA0DEBB4}.Debug|x64.ActiveCfg = Debug|Any CPU
		{176A7294-5E48-46A3-88AB-8198AA0DEBB4}.Debug|x64.Build.0 = Debug|Any CPU
		{176A7294-5E48-46A3-88AB-8198AA0DEBB4}.Debug|x86.ActiveCfg = Debug|Any CPU
		{176A7294-5E48-46A3-88AB-8198AA0DEBB4}.Debug|x86.Build.0 = Debug|Any CPU
		{176A7294-5E48-46A3-88AB-8198AA0DEBB4}.Release|Any CPU.ActiveCfg = Release|Any CPU
		{176A7294-5E48-46A3-88AB-8198AA0DEBB4}.Release|Any CPU.Build.0 = Release|Any CPU
		{176A7294-5E48-46A3-88AB-8198AA0DEBB4}.Release|x64.ActiveCfg = Release|Any CPU
		{176A7294-5E48-46A3-88AB-8198AA0DEBB4}.Release|x64.Build.0 = Release|Any CPU
		{176A7294-5E48-46A3-88AB-8198AA0DEBB4}.Release|x86.ActiveCfg = Release|Any CPU
		{176A7294-5E48-46A3-88AB-8198AA0DEBB4}.Release|x86.Build.0 = Release|Any CPU
		{45F61222-458F-4EF0-B93B-295B1ED0D0BD}.Debug|Any CPU.ActiveCfg = Debug|Any CPU
		{45F61222-458F-4EF0-B93B-295B1ED0D0BD}.Debug|Any CPU.Build.0 = Debug|Any CPU
		{45F61222-458F-4EF0-B93B-295B1ED0D0BD}.Debug|x64.ActiveCfg = Debug|Any CPU
		{45F61222-458F-4EF0-B93B-295B1ED0D0BD}.Debug|x64.Build.0 = Debug|Any CPU
		{45F61222-458F-4EF0-B93B-295B1ED0D0BD}.Debug|x86.ActiveCfg = Debug|Any CPU
		{45F61222-458F-4EF0-B93B-295B1ED0D0BD}.Debug|x86.Build.0 = Debug|Any CPU
		{45F61222-458F-4EF0-B93B-295B1ED0D0BD}.Release|Any CPU.ActiveCfg = Release|Any CPU
		{45F61222-458F-4EF0-B93B-295B1ED0D0BD}.Release|Any CPU.Build.0 = Release|Any CPU
		{45F61222-458F-4EF0-B93B-295B1ED0D0BD}.Release|x64.ActiveCfg = Release|Any CPU
		{45F61222-458F-4EF0-B93B-295B1ED0D0BD}.Release|x64.Build.0 = Release|Any CPU
		{45F61222-458F-4EF0-B93B-295B1ED0D0BD}.Release|x86.ActiveCfg = Release|Any CPU
		{45F61222-458F-4EF0-B93B-295B1ED0D0BD}.Release|x86.Build.0 = Release|Any CPU
		{C88221E1-E482-4ED5-8FEC-2819D9596F81}.Debug|Any CPU.ActiveCfg = Debug|Any CPU
		{C88221E1-E482-4ED5-8FEC-2819D9596F81}.Debug|Any CPU.Build.0 = Debug|Any CPU
		{C88221E1-E482-4ED5-8FEC-2819D9596F81}.Debug|x64.ActiveCfg = Debug|Any CPU
		{C88221E1-E482-4ED5-8FEC-2819D9596F81}.Debug|x64.Build.0 = Debug|Any CPU
		{C88221E1-E482-4ED5-8FEC-2819D9596F81}.Debug|x86.ActiveCfg = Debug|Any CPU
		{C88221E1-E482-4ED5-8FEC-2819D9596F81}.Debug|x86.Build.0 = Debug|Any CPU
		{C88221E1-E482-4ED5-8FEC-2819D9596F81}.Release|Any CPU.ActiveCfg = Release|Any CPU
		{C88221E1-E482-4ED5-8FEC-2819D9596F81}.Release|Any CPU.Build.0 = Release|Any CPU
		{C88221E1-E482-4ED5-8FEC-2819D9596F81}.Release|x64.ActiveCfg = Release|Any CPU
		{C88221E1-E482-4ED5-8FEC-2819D9596F81}.Release|x64.Build.0 = Release|Any CPU
		{C88221E1-E482-4ED5-8FEC-2819D9596F81}.Release|x86.ActiveCfg = Release|Any CPU
		{C88221E1-E482-4ED5-8FEC-2819D9596F81}.Release|x86.Build.0 = Release|Any CPU
		{13C7FC63-9E33-4A91-83AC-B753CEE7CA01}.Debug|Any CPU.ActiveCfg = Debug|Any CPU
		{13C7FC63-9E33-4A91-83AC-B753CEE7CA01}.Debug|Any CPU.Build.0 = Debug|Any CPU
		{13C7FC63-9E33-4A91-83AC-B753CEE7CA01}.Debug|x64.ActiveCfg = Debug|Any CPU
		{13C7FC63-9E33-4A91-83AC-B753CEE7CA01}.Debug|x64.Build.0 = Debug|Any CPU
		{13C7FC63-9E33-4A91-83AC-B753CEE7CA01}.Debug|x86.ActiveCfg = Debug|Any CPU
		{13C7FC63-9E33-4A91-83AC-B753CEE7CA01}.Debug|x86.Build.0 = Debug|Any CPU
		{13C7FC63-9E33-4A91-83AC-B753CEE7CA01}.Release|Any CPU.ActiveCfg = Release|Any CPU
		{13C7FC63-9E33-4A91-83AC-B753CEE7CA01}.Release|Any CPU.Build.0 = Release|Any CPU
		{13C7FC63-9E33-4A91-83AC-B753CEE7CA01}.Release|x64.ActiveCfg = Release|Any CPU
		{13C7FC63-9E33-4A91-83AC-B753CEE7CA01}.Release|x64.Build.0 = Release|Any CPU
		{13C7FC63-9E33-4A91-83AC-B753CEE7CA01}.Release|x86.ActiveCfg = Release|Any CPU
		{13C7FC63-9E33-4A91-83AC-B753CEE7CA01}.Release|x86.Build.0 = Release|Any CPU
		{A4988F6A-F5A9-4F19-8A13-A2312BC7E609}.Debug|Any CPU.ActiveCfg = Debug|Any CPU
		{A4988F6A-F5A9-4F19-8A13-A2312BC7E609}.Debug|Any CPU.Build.0 = Debug|Any CPU
		{A4988F6A-F5A9-4F19-8A13-A2312BC7E609}.Debug|x64.ActiveCfg = Debug|Any CPU
		{A4988F6A-F5A9-4F19-8A13-A2312BC7E609}.Debug|x64.Build.0 = Debug|Any CPU
		{A4988F6A-F5A9-4F19-8A13-A2312BC7E609}.Debug|x86.ActiveCfg = Debug|Any CPU
		{A4988F6A-F5A9-4F19-8A13-A2312BC7E609}.Debug|x86.Build.0 = Debug|Any CPU
		{A4988F6A-F5A9-4F19-8A13-A2312BC7E609}.Release|Any CPU.ActiveCfg = Release|Any CPU
		{A4988F6A-F5A9-4F19-8A13-A2312BC7E609}.Release|Any CPU.Build.0 = Release|Any CPU
		{A4988F6A-F5A9-4F19-8A13-A2312BC7E609}.Release|x64.ActiveCfg = Release|Any CPU
		{A4988F6A-F5A9-4F19-8A13-A2312BC7E609}.Release|x64.Build.0 = Release|Any CPU
		{A4988F6A-F5A9-4F19-8A13-A2312BC7E609}.Release|x86.ActiveCfg = Release|Any CPU
		{A4988F6A-F5A9-4F19-8A13-A2312BC7E609}.Release|x86.Build.0 = Release|Any CPU
		{D49E358A-3DEF-44CC-A4AD-A173437FD429}.Debug|Any CPU.ActiveCfg = Debug|Any CPU
		{D49E358A-3DEF-44CC-A4AD-A173437FD429}.Debug|Any CPU.Build.0 = Debug|Any CPU
		{D49E358A-3DEF-44CC-A4AD-A173437FD429}.Debug|x64.ActiveCfg = Debug|Any CPU
		{D49E358A-3DEF-44CC-A4AD-A173437FD429}.Debug|x64.Build.0 = Debug|Any CPU
		{D49E358A-3DEF-44CC-A4AD-A173437FD429}.Debug|x86.ActiveCfg = Debug|Any CPU
		{D49E358A-3DEF-44CC-A4AD-A173437FD429}.Debug|x86.Build.0 = Debug|Any CPU
		{D49E358A-3DEF-44CC-A4AD-A173437FD429}.Release|Any CPU.ActiveCfg = Release|Any CPU
		{D49E358A-3DEF-44CC-A4AD-A173437FD429}.Release|Any CPU.Build.0 = Release|Any CPU
		{D49E358A-3DEF-44CC-A4AD-A173437FD429}.Release|x64.ActiveCfg = Release|Any CPU
		{D49E358A-3DEF-44CC-A4AD-A173437FD429}.Release|x64.Build.0 = Release|Any CPU
		{D49E358A-3DEF-44CC-A4AD-A173437FD429}.Release|x86.ActiveCfg = Release|Any CPU
		{D49E358A-3DEF-44CC-A4AD-A173437FD429}.Release|x86.Build.0 = Release|Any CPU
		{80341B46-16F5-42BB-9BA2-E1796F833635}.Debug|Any CPU.ActiveCfg = Debug|Any CPU
		{80341B46-16F5-42BB-9BA2-E1796F833635}.Debug|Any CPU.Build.0 = Debug|Any CPU
		{80341B46-16F5-42BB-9BA2-E1796F833635}.Debug|x64.ActiveCfg = Debug|Any CPU
		{80341B46-16F5-42BB-9BA2-E1796F833635}.Debug|x64.Build.0 = Debug|Any CPU
		{80341B46-16F5-42BB-9BA2-E1796F833635}.Debug|x86.ActiveCfg = Debug|Any CPU
		{80341B46-16F5-42BB-9BA2-E1796F833635}.Debug|x86.Build.0 = Debug|Any CPU
		{80341B46-16F5-42BB-9BA2-E1796F833635}.Release|Any CPU.ActiveCfg = Release|Any CPU
		{80341B46-16F5-42BB-9BA2-E1796F833635}.Release|Any CPU.Build.0 = Release|Any CPU
		{80341B46-16F5-42BB-9BA2-E1796F833635}.Release|x64.ActiveCfg = Release|Any CPU
		{80341B46-16F5-42BB-9BA2-E1796F833635}.Release|x64.Build.0 = Release|Any CPU
		{80341B46-16F5-42BB-9BA2-E1796F833635}.Release|x86.ActiveCfg = Release|Any CPU
		{80341B46-16F5-42BB-9BA2-E1796F833635}.Release|x86.Build.0 = Release|Any CPU
		{498DEAA0-1F71-4FDB-8562-9D29D472C1AD}.Debug|Any CPU.ActiveCfg = Debug|Any CPU
		{498DEAA0-1F71-4FDB-8562-9D29D472C1AD}.Debug|Any CPU.Build.0 = Debug|Any CPU
		{498DEAA0-1F71-4FDB-8562-9D29D472C1AD}.Debug|x64.ActiveCfg = Debug|Any CPU
		{498DEAA0-1F71-4FDB-8562-9D29D472C1AD}.Debug|x64.Build.0 = Debug|Any CPU
		{498DEAA0-1F71-4FDB-8562-9D29D472C1AD}.Debug|x86.ActiveCfg = Debug|Any CPU
		{498DEAA0-1F71-4FDB-8562-9D29D472C1AD}.Debug|x86.Build.0 = Debug|Any CPU
		{498DEAA0-1F71-4FDB-8562-9D29D472C1AD}.Release|Any CPU.ActiveCfg = Release|Any CPU
		{498DEAA0-1F71-4FDB-8562-9D29D472C1AD}.Release|Any CPU.Build.0 = Release|Any CPU
		{498DEAA0-1F71-4FDB-8562-9D29D472C1AD}.Release|x64.ActiveCfg = Release|Any CPU
		{498DEAA0-1F71-4FDB-8562-9D29D472C1AD}.Release|x64.Build.0 = Release|Any CPU
		{498DEAA0-1F71-4FDB-8562-9D29D472C1AD}.Release|x86.ActiveCfg = Release|Any CPU
		{498DEAA0-1F71-4FDB-8562-9D29D472C1AD}.Release|x86.Build.0 = Release|Any CPU
		{FF8D50BF-3B48-445D-9E26-906119FD7C83}.Debug|Any CPU.ActiveCfg = Debug|Any CPU
		{FF8D50BF-3B48-445D-9E26-906119FD7C83}.Debug|Any CPU.Build.0 = Debug|Any CPU
		{FF8D50BF-3B48-445D-9E26-906119FD7C83}.Debug|x64.ActiveCfg = Debug|Any CPU
		{FF8D50BF-3B48-445D-9E26-906119FD7C83}.Debug|x64.Build.0 = Debug|Any CPU
		{FF8D50BF-3B48-445D-9E26-906119FD7C83}.Debug|x86.ActiveCfg = Debug|Any CPU
		{FF8D50BF-3B48-445D-9E26-906119FD7C83}.Debug|x86.Build.0 = Debug|Any CPU
		{FF8D50BF-3B48-445D-9E26-906119FD7C83}.Release|Any CPU.ActiveCfg = Release|Any CPU
		{FF8D50BF-3B48-445D-9E26-906119FD7C83}.Release|Any CPU.Build.0 = Release|Any CPU
		{FF8D50BF-3B48-445D-9E26-906119FD7C83}.Release|x64.ActiveCfg = Release|Any CPU
		{FF8D50BF-3B48-445D-9E26-906119FD7C83}.Release|x64.Build.0 = Release|Any CPU
		{FF8D50BF-3B48-445D-9E26-906119FD7C83}.Release|x86.ActiveCfg = Release|Any CPU
		{FF8D50BF-3B48-445D-9E26-906119FD7C83}.Release|x86.Build.0 = Release|Any CPU
		{01AF3493-8CB5-4E3F-AB81-24A49812EBDA}.Debug|Any CPU.ActiveCfg = Debug|Any CPU
		{01AF3493-8CB5-4E3F-AB81-24A49812EBDA}.Debug|Any CPU.Build.0 = Debug|Any CPU
		{01AF3493-8CB5-4E3F-AB81-24A49812EBDA}.Debug|x64.ActiveCfg = Debug|Any CPU
		{01AF3493-8CB5-4E3F-AB81-24A49812EBDA}.Debug|x64.Build.0 = Debug|Any CPU
		{01AF3493-8CB5-4E3F-AB81-24A49812EBDA}.Debug|x86.ActiveCfg = Debug|Any CPU
		{01AF3493-8CB5-4E3F-AB81-24A49812EBDA}.Debug|x86.Build.0 = Debug|Any CPU
		{01AF3493-8CB5-4E3F-AB81-24A49812EBDA}.Release|Any CPU.ActiveCfg = Release|Any CPU
		{01AF3493-8CB5-4E3F-AB81-24A49812EBDA}.Release|Any CPU.Build.0 = Release|Any CPU
		{01AF3493-8CB5-4E3F-AB81-24A49812EBDA}.Release|x64.ActiveCfg = Release|Any CPU
		{01AF3493-8CB5-4E3F-AB81-24A49812EBDA}.Release|x64.Build.0 = Release|Any CPU
		{01AF3493-8CB5-4E3F-AB81-24A49812EBDA}.Release|x86.ActiveCfg = Release|Any CPU
		{01AF3493-8CB5-4E3F-AB81-24A49812EBDA}.Release|x86.Build.0 = Release|Any CPU
		{94E083A8-2814-4D47-B972-B8FF9DEEBC9B}.Debug|Any CPU.ActiveCfg = Debug|Any CPU
		{94E083A8-2814-4D47-B972-B8FF9DEEBC9B}.Debug|Any CPU.Build.0 = Debug|Any CPU
		{94E083A8-2814-4D47-B972-B8FF9DEEBC9B}.Debug|x64.ActiveCfg = Debug|Any CPU
		{94E083A8-2814-4D47-B972-B8FF9DEEBC9B}.Debug|x64.Build.0 = Debug|Any CPU
		{94E083A8-2814-4D47-B972-B8FF9DEEBC9B}.Debug|x86.ActiveCfg = Debug|Any CPU
		{94E083A8-2814-4D47-B972-B8FF9DEEBC9B}.Debug|x86.Build.0 = Debug|Any CPU
		{94E083A8-2814-4D47-B972-B8FF9DEEBC9B}.Release|Any CPU.ActiveCfg = Release|Any CPU
		{94E083A8-2814-4D47-B972-B8FF9DEEBC9B}.Release|Any CPU.Build.0 = Release|Any CPU
		{94E083A8-2814-4D47-B972-B8FF9DEEBC9B}.Release|x64.ActiveCfg = Release|Any CPU
		{94E083A8-2814-4D47-B972-B8FF9DEEBC9B}.Release|x64.Build.0 = Release|Any CPU
		{94E083A8-2814-4D47-B972-B8FF9DEEBC9B}.Release|x86.ActiveCfg = Release|Any CPU
		{94E083A8-2814-4D47-B972-B8FF9DEEBC9B}.Release|x86.Build.0 = Release|Any CPU
		{5E54190F-5C91-47EB-B62C-EC2162665A34}.Debug|Any CPU.ActiveCfg = Debug|Any CPU
		{5E54190F-5C91-47EB-B62C-EC2162665A34}.Debug|Any CPU.Build.0 = Debug|Any CPU
		{5E54190F-5C91-47EB-B62C-EC2162665A34}.Debug|x64.ActiveCfg = Debug|Any CPU
		{5E54190F-5C91-47EB-B62C-EC2162665A34}.Debug|x64.Build.0 = Debug|Any CPU
		{5E54190F-5C91-47EB-B62C-EC2162665A34}.Debug|x86.ActiveCfg = Debug|Any CPU
		{5E54190F-5C91-47EB-B62C-EC2162665A34}.Debug|x86.Build.0 = Debug|Any CPU
		{5E54190F-5C91-47EB-B62C-EC2162665A34}.Release|Any CPU.ActiveCfg = Release|Any CPU
		{5E54190F-5C91-47EB-B62C-EC2162665A34}.Release|Any CPU.Build.0 = Release|Any CPU
		{5E54190F-5C91-47EB-B62C-EC2162665A34}.Release|x64.ActiveCfg = Release|Any CPU
		{5E54190F-5C91-47EB-B62C-EC2162665A34}.Release|x64.Build.0 = Release|Any CPU
		{5E54190F-5C91-47EB-B62C-EC2162665A34}.Release|x86.ActiveCfg = Release|Any CPU
		{5E54190F-5C91-47EB-B62C-EC2162665A34}.Release|x86.Build.0 = Release|Any CPU
		{3E7930E6-241A-4F91-A661-5121ECF3EABA}.Debug|Any CPU.ActiveCfg = Debug|Any CPU
		{3E7930E6-241A-4F91-A661-5121ECF3EABA}.Debug|Any CPU.Build.0 = Debug|Any CPU
		{3E7930E6-241A-4F91-A661-5121ECF3EABA}.Debug|x64.ActiveCfg = Debug|Any CPU
		{3E7930E6-241A-4F91-A661-5121ECF3EABA}.Debug|x64.Build.0 = Debug|Any CPU
		{3E7930E6-241A-4F91-A661-5121ECF3EABA}.Debug|x86.ActiveCfg = Debug|Any CPU
		{3E7930E6-241A-4F91-A661-5121ECF3EABA}.Debug|x86.Build.0 = Debug|Any CPU
		{3E7930E6-241A-4F91-A661-5121ECF3EABA}.Release|Any CPU.ActiveCfg = Release|Any CPU
		{3E7930E6-241A-4F91-A661-5121ECF3EABA}.Release|Any CPU.Build.0 = Release|Any CPU
		{3E7930E6-241A-4F91-A661-5121ECF3EABA}.Release|x64.ActiveCfg = Release|Any CPU
		{3E7930E6-241A-4F91-A661-5121ECF3EABA}.Release|x64.Build.0 = Release|Any CPU
		{3E7930E6-241A-4F91-A661-5121ECF3EABA}.Release|x86.ActiveCfg = Release|Any CPU
		{3E7930E6-241A-4F91-A661-5121ECF3EABA}.Release|x86.Build.0 = Release|Any CPU
		{C576AB19-3CCC-4C33-8AAC-B9B6544DF27B}.Debug|Any CPU.ActiveCfg = Debug|Any CPU
		{C576AB19-3CCC-4C33-8AAC-B9B6544DF27B}.Debug|Any CPU.Build.0 = Debug|Any CPU
		{C576AB19-3CCC-4C33-8AAC-B9B6544DF27B}.Debug|x64.ActiveCfg = Debug|Any CPU
		{C576AB19-3CCC-4C33-8AAC-B9B6544DF27B}.Debug|x64.Build.0 = Debug|Any CPU
		{C576AB19-3CCC-4C33-8AAC-B9B6544DF27B}.Debug|x86.ActiveCfg = Debug|Any CPU
		{C576AB19-3CCC-4C33-8AAC-B9B6544DF27B}.Debug|x86.Build.0 = Debug|Any CPU
		{C576AB19-3CCC-4C33-8AAC-B9B6544DF27B}.Release|Any CPU.ActiveCfg = Release|Any CPU
		{C576AB19-3CCC-4C33-8AAC-B9B6544DF27B}.Release|Any CPU.Build.0 = Release|Any CPU
		{C576AB19-3CCC-4C33-8AAC-B9B6544DF27B}.Release|x64.ActiveCfg = Release|Any CPU
		{C576AB19-3CCC-4C33-8AAC-B9B6544DF27B}.Release|x64.Build.0 = Release|Any CPU
		{C576AB19-3CCC-4C33-8AAC-B9B6544DF27B}.Release|x86.ActiveCfg = Release|Any CPU
		{C576AB19-3CCC-4C33-8AAC-B9B6544DF27B}.Release|x86.Build.0 = Release|Any CPU
		{690076EA-F954-4539-92A9-AB27D6C9B8B5}.Debug|Any CPU.ActiveCfg = Debug|Any CPU
		{690076EA-F954-4539-92A9-AB27D6C9B8B5}.Debug|Any CPU.Build.0 = Debug|Any CPU
		{690076EA-F954-4539-92A9-AB27D6C9B8B5}.Debug|x64.ActiveCfg = Debug|Any CPU
		{690076EA-F954-4539-92A9-AB27D6C9B8B5}.Debug|x64.Build.0 = Debug|Any CPU
		{690076EA-F954-4539-92A9-AB27D6C9B8B5}.Debug|x86.ActiveCfg = Debug|Any CPU
		{690076EA-F954-4539-92A9-AB27D6C9B8B5}.Debug|x86.Build.0 = Debug|Any CPU
		{690076EA-F954-4539-92A9-AB27D6C9B8B5}.Release|Any CPU.ActiveCfg = Release|Any CPU
		{690076EA-F954-4539-92A9-AB27D6C9B8B5}.Release|Any CPU.Build.0 = Release|Any CPU
		{690076EA-F954-4539-92A9-AB27D6C9B8B5}.Release|x64.ActiveCfg = Release|Any CPU
		{690076EA-F954-4539-92A9-AB27D6C9B8B5}.Release|x64.Build.0 = Release|Any CPU
		{690076EA-F954-4539-92A9-AB27D6C9B8B5}.Release|x86.ActiveCfg = Release|Any CPU
		{690076EA-F954-4539-92A9-AB27D6C9B8B5}.Release|x86.Build.0 = Release|Any CPU
		{A3226692-01A1-4BCA-9A0E-20B931F54211}.Debug|Any CPU.ActiveCfg = Debug|Any CPU
		{A3226692-01A1-4BCA-9A0E-20B931F54211}.Debug|Any CPU.Build.0 = Debug|Any CPU
		{A3226692-01A1-4BCA-9A0E-20B931F54211}.Debug|x64.ActiveCfg = Debug|Any CPU
		{A3226692-01A1-4BCA-9A0E-20B931F54211}.Debug|x64.Build.0 = Debug|Any CPU
		{A3226692-01A1-4BCA-9A0E-20B931F54211}.Debug|x86.ActiveCfg = Debug|Any CPU
		{A3226692-01A1-4BCA-9A0E-20B931F54211}.Debug|x86.Build.0 = Debug|Any CPU
		{A3226692-01A1-4BCA-9A0E-20B931F54211}.Release|Any CPU.ActiveCfg = Release|Any CPU
		{A3226692-01A1-4BCA-9A0E-20B931F54211}.Release|Any CPU.Build.0 = Release|Any CPU
		{A3226692-01A1-4BCA-9A0E-20B931F54211}.Release|x64.ActiveCfg = Release|Any CPU
		{A3226692-01A1-4BCA-9A0E-20B931F54211}.Release|x64.Build.0 = Release|Any CPU
		{A3226692-01A1-4BCA-9A0E-20B931F54211}.Release|x86.ActiveCfg = Release|Any CPU
		{A3226692-01A1-4BCA-9A0E-20B931F54211}.Release|x86.Build.0 = Release|Any CPU
		{42DCB15D-49C4-42CA-A532-59E2A4543EA9}.Debug|Any CPU.ActiveCfg = Debug|Any CPU
		{42DCB15D-49C4-42CA-A532-59E2A4543EA9}.Debug|Any CPU.Build.0 = Debug|Any CPU
		{42DCB15D-49C4-42CA-A532-59E2A4543EA9}.Debug|x64.ActiveCfg = Debug|Any CPU
		{42DCB15D-49C4-42CA-A532-59E2A4543EA9}.Debug|x64.Build.0 = Debug|Any CPU
		{42DCB15D-49C4-42CA-A532-59E2A4543EA9}.Debug|x86.ActiveCfg = Debug|Any CPU
		{42DCB15D-49C4-42CA-A532-59E2A4543EA9}.Debug|x86.Build.0 = Debug|Any CPU
		{42DCB15D-49C4-42CA-A532-59E2A4543EA9}.Release|Any CPU.ActiveCfg = Release|Any CPU
		{42DCB15D-49C4-42CA-A532-59E2A4543EA9}.Release|Any CPU.Build.0 = Release|Any CPU
		{42DCB15D-49C4-42CA-A532-59E2A4543EA9}.Release|x64.ActiveCfg = Release|Any CPU
		{42DCB15D-49C4-42CA-A532-59E2A4543EA9}.Release|x64.Build.0 = Release|Any CPU
		{42DCB15D-49C4-42CA-A532-59E2A4543EA9}.Release|x86.ActiveCfg = Release|Any CPU
		{42DCB15D-49C4-42CA-A532-59E2A4543EA9}.Release|x86.Build.0 = Release|Any CPU
		{46E8E173-AA49-49B9-B3F2-C444488F2618}.Debug|Any CPU.ActiveCfg = Debug|Any CPU
		{46E8E173-AA49-49B9-B3F2-C444488F2618}.Debug|Any CPU.Build.0 = Debug|Any CPU
		{46E8E173-AA49-49B9-B3F2-C444488F2618}.Debug|x64.ActiveCfg = Debug|Any CPU
		{46E8E173-AA49-49B9-B3F2-C444488F2618}.Debug|x64.Build.0 = Debug|Any CPU
		{46E8E173-AA49-49B9-B3F2-C444488F2618}.Debug|x86.ActiveCfg = Debug|Any CPU
		{46E8E173-AA49-49B9-B3F2-C444488F2618}.Debug|x86.Build.0 = Debug|Any CPU
		{46E8E173-AA49-49B9-B3F2-C444488F2618}.Release|Any CPU.ActiveCfg = Release|Any CPU
		{46E8E173-AA49-49B9-B3F2-C444488F2618}.Release|Any CPU.Build.0 = Release|Any CPU
		{46E8E173-AA49-49B9-B3F2-C444488F2618}.Release|x64.ActiveCfg = Release|Any CPU
		{46E8E173-AA49-49B9-B3F2-C444488F2618}.Release|x64.Build.0 = Release|Any CPU
		{46E8E173-AA49-49B9-B3F2-C444488F2618}.Release|x86.ActiveCfg = Release|Any CPU
		{46E8E173-AA49-49B9-B3F2-C444488F2618}.Release|x86.Build.0 = Release|Any CPU
		{0DE6644E-C752-48AE-9CF5-AA99361EED58}.Debug|Any CPU.ActiveCfg = Debug|Any CPU
		{0DE6644E-C752-48AE-9CF5-AA99361EED58}.Debug|Any CPU.Build.0 = Debug|Any CPU
		{0DE6644E-C752-48AE-9CF5-AA99361EED58}.Debug|x64.ActiveCfg = Debug|Any CPU
		{0DE6644E-C752-48AE-9CF5-AA99361EED58}.Debug|x64.Build.0 = Debug|Any CPU
		{0DE6644E-C752-48AE-9CF5-AA99361EED58}.Debug|x86.ActiveCfg = Debug|Any CPU
		{0DE6644E-C752-48AE-9CF5-AA99361EED58}.Debug|x86.Build.0 = Debug|Any CPU
		{0DE6644E-C752-48AE-9CF5-AA99361EED58}.Release|Any CPU.ActiveCfg = Release|Any CPU
		{0DE6644E-C752-48AE-9CF5-AA99361EED58}.Release|Any CPU.Build.0 = Release|Any CPU
		{0DE6644E-C752-48AE-9CF5-AA99361EED58}.Release|x64.ActiveCfg = Release|Any CPU
		{0DE6644E-C752-48AE-9CF5-AA99361EED58}.Release|x64.Build.0 = Release|Any CPU
		{0DE6644E-C752-48AE-9CF5-AA99361EED58}.Release|x86.ActiveCfg = Release|Any CPU
		{0DE6644E-C752-48AE-9CF5-AA99361EED58}.Release|x86.Build.0 = Release|Any CPU
		{C3D8E81F-EF11-41B9-82F7-BC68AE829333}.Debug|Any CPU.ActiveCfg = Debug|Any CPU
		{C3D8E81F-EF11-41B9-82F7-BC68AE829333}.Debug|Any CPU.Build.0 = Debug|Any CPU
		{C3D8E81F-EF11-41B9-82F7-BC68AE829333}.Debug|x64.ActiveCfg = Debug|Any CPU
		{C3D8E81F-EF11-41B9-82F7-BC68AE829333}.Debug|x64.Build.0 = Debug|Any CPU
		{C3D8E81F-EF11-41B9-82F7-BC68AE829333}.Debug|x86.ActiveCfg = Debug|Any CPU
		{C3D8E81F-EF11-41B9-82F7-BC68AE829333}.Debug|x86.Build.0 = Debug|Any CPU
		{C3D8E81F-EF11-41B9-82F7-BC68AE829333}.Release|Any CPU.ActiveCfg = Release|Any CPU
		{C3D8E81F-EF11-41B9-82F7-BC68AE829333}.Release|Any CPU.Build.0 = Release|Any CPU
		{C3D8E81F-EF11-41B9-82F7-BC68AE829333}.Release|x64.ActiveCfg = Release|Any CPU
		{C3D8E81F-EF11-41B9-82F7-BC68AE829333}.Release|x64.Build.0 = Release|Any CPU
		{C3D8E81F-EF11-41B9-82F7-BC68AE829333}.Release|x86.ActiveCfg = Release|Any CPU
		{C3D8E81F-EF11-41B9-82F7-BC68AE829333}.Release|x86.Build.0 = Release|Any CPU
		{F0C2F934-64EC-409E-9FC3-AA71A8E1A190}.Debug|Any CPU.ActiveCfg = Debug|Any CPU
		{F0C2F934-64EC-409E-9FC3-AA71A8E1A190}.Debug|Any CPU.Build.0 = Debug|Any CPU
		{F0C2F934-64EC-409E-9FC3-AA71A8E1A190}.Debug|x64.ActiveCfg = Debug|Any CPU
		{F0C2F934-64EC-409E-9FC3-AA71A8E1A190}.Debug|x64.Build.0 = Debug|Any CPU
		{F0C2F934-64EC-409E-9FC3-AA71A8E1A190}.Debug|x86.ActiveCfg = Debug|Any CPU
		{F0C2F934-64EC-409E-9FC3-AA71A8E1A190}.Debug|x86.Build.0 = Debug|Any CPU
		{F0C2F934-64EC-409E-9FC3-AA71A8E1A190}.Release|Any CPU.ActiveCfg = Release|Any CPU
		{F0C2F934-64EC-409E-9FC3-AA71A8E1A190}.Release|Any CPU.Build.0 = Release|Any CPU
		{F0C2F934-64EC-409E-9FC3-AA71A8E1A190}.Release|x64.ActiveCfg = Release|Any CPU
		{F0C2F934-64EC-409E-9FC3-AA71A8E1A190}.Release|x64.Build.0 = Release|Any CPU
		{F0C2F934-64EC-409E-9FC3-AA71A8E1A190}.Release|x86.ActiveCfg = Release|Any CPU
		{F0C2F934-64EC-409E-9FC3-AA71A8E1A190}.Release|x86.Build.0 = Release|Any CPU
		{449D9058-B174-45D2-B307-1D70AF1B99F4}.Debug|Any CPU.ActiveCfg = Debug|Any CPU
		{449D9058-B174-45D2-B307-1D70AF1B99F4}.Debug|Any CPU.Build.0 = Debug|Any CPU
		{449D9058-B174-45D2-B307-1D70AF1B99F4}.Debug|x64.ActiveCfg = Debug|Any CPU
		{449D9058-B174-45D2-B307-1D70AF1B99F4}.Debug|x64.Build.0 = Debug|Any CPU
		{449D9058-B174-45D2-B307-1D70AF1B99F4}.Debug|x86.ActiveCfg = Debug|Any CPU
		{449D9058-B174-45D2-B307-1D70AF1B99F4}.Debug|x86.Build.0 = Debug|Any CPU
		{449D9058-B174-45D2-B307-1D70AF1B99F4}.Release|Any CPU.ActiveCfg = Release|Any CPU
		{449D9058-B174-45D2-B307-1D70AF1B99F4}.Release|Any CPU.Build.0 = Release|Any CPU
		{449D9058-B174-45D2-B307-1D70AF1B99F4}.Release|x64.ActiveCfg = Release|Any CPU
		{449D9058-B174-45D2-B307-1D70AF1B99F4}.Release|x64.Build.0 = Release|Any CPU
		{449D9058-B174-45D2-B307-1D70AF1B99F4}.Release|x86.ActiveCfg = Release|Any CPU
		{449D9058-B174-45D2-B307-1D70AF1B99F4}.Release|x86.Build.0 = Release|Any CPU
		{7F70B43E-09F4-4153-93B5-27F0097368D2}.Debug|Any CPU.ActiveCfg = Debug|Any CPU
		{7F70B43E-09F4-4153-93B5-27F0097368D2}.Debug|Any CPU.Build.0 = Debug|Any CPU
		{7F70B43E-09F4-4153-93B5-27F0097368D2}.Debug|x64.ActiveCfg = Debug|Any CPU
		{7F70B43E-09F4-4153-93B5-27F0097368D2}.Debug|x64.Build.0 = Debug|Any CPU
		{7F70B43E-09F4-4153-93B5-27F0097368D2}.Debug|x86.ActiveCfg = Debug|Any CPU
		{7F70B43E-09F4-4153-93B5-27F0097368D2}.Debug|x86.Build.0 = Debug|Any CPU
		{7F70B43E-09F4-4153-93B5-27F0097368D2}.Release|Any CPU.ActiveCfg = Release|Any CPU
		{7F70B43E-09F4-4153-93B5-27F0097368D2}.Release|Any CPU.Build.0 = Release|Any CPU
		{7F70B43E-09F4-4153-93B5-27F0097368D2}.Release|x64.ActiveCfg = Release|Any CPU
		{7F70B43E-09F4-4153-93B5-27F0097368D2}.Release|x64.Build.0 = Release|Any CPU
		{7F70B43E-09F4-4153-93B5-27F0097368D2}.Release|x86.ActiveCfg = Release|Any CPU
		{7F70B43E-09F4-4153-93B5-27F0097368D2}.Release|x86.Build.0 = Release|Any CPU
		{70199052-CF8C-45E3-8DFF-2B205244397B}.Debug|Any CPU.ActiveCfg = Debug|Any CPU
		{70199052-CF8C-45E3-8DFF-2B205244397B}.Debug|Any CPU.Build.0 = Debug|Any CPU
		{70199052-CF8C-45E3-8DFF-2B205244397B}.Debug|x64.ActiveCfg = Debug|Any CPU
		{70199052-CF8C-45E3-8DFF-2B205244397B}.Debug|x64.Build.0 = Debug|Any CPU
		{70199052-CF8C-45E3-8DFF-2B205244397B}.Debug|x86.ActiveCfg = Debug|Any CPU
		{70199052-CF8C-45E3-8DFF-2B205244397B}.Debug|x86.Build.0 = Debug|Any CPU
		{70199052-CF8C-45E3-8DFF-2B205244397B}.Release|Any CPU.ActiveCfg = Release|Any CPU
		{70199052-CF8C-45E3-8DFF-2B205244397B}.Release|Any CPU.Build.0 = Release|Any CPU
		{70199052-CF8C-45E3-8DFF-2B205244397B}.Release|x64.ActiveCfg = Release|Any CPU
		{70199052-CF8C-45E3-8DFF-2B205244397B}.Release|x64.Build.0 = Release|Any CPU
		{70199052-CF8C-45E3-8DFF-2B205244397B}.Release|x86.ActiveCfg = Release|Any CPU
		{70199052-CF8C-45E3-8DFF-2B205244397B}.Release|x86.Build.0 = Release|Any CPU
		{BECEA70B-A1CB-4C20-A50C-092B50A4DAFC}.Debug|Any CPU.ActiveCfg = Debug|Any CPU
		{BECEA70B-A1CB-4C20-A50C-092B50A4DAFC}.Debug|Any CPU.Build.0 = Debug|Any CPU
		{BECEA70B-A1CB-4C20-A50C-092B50A4DAFC}.Debug|x64.ActiveCfg = Debug|Any CPU
		{BECEA70B-A1CB-4C20-A50C-092B50A4DAFC}.Debug|x64.Build.0 = Debug|Any CPU
		{BECEA70B-A1CB-4C20-A50C-092B50A4DAFC}.Debug|x86.ActiveCfg = Debug|Any CPU
		{BECEA70B-A1CB-4C20-A50C-092B50A4DAFC}.Debug|x86.Build.0 = Debug|Any CPU
		{BECEA70B-A1CB-4C20-A50C-092B50A4DAFC}.Release|Any CPU.ActiveCfg = Release|Any CPU
		{BECEA70B-A1CB-4C20-A50C-092B50A4DAFC}.Release|Any CPU.Build.0 = Release|Any CPU
		{BECEA70B-A1CB-4C20-A50C-092B50A4DAFC}.Release|x64.ActiveCfg = Release|Any CPU
		{BECEA70B-A1CB-4C20-A50C-092B50A4DAFC}.Release|x64.Build.0 = Release|Any CPU
		{BECEA70B-A1CB-4C20-A50C-092B50A4DAFC}.Release|x86.ActiveCfg = Release|Any CPU
		{BECEA70B-A1CB-4C20-A50C-092B50A4DAFC}.Release|x86.Build.0 = Release|Any CPU
		{3AFF86DC-C47E-4018-B43E-35356429EBFC}.Debug|Any CPU.ActiveCfg = Debug|Any CPU
		{3AFF86DC-C47E-4018-B43E-35356429EBFC}.Debug|Any CPU.Build.0 = Debug|Any CPU
		{3AFF86DC-C47E-4018-B43E-35356429EBFC}.Debug|x64.ActiveCfg = Debug|Any CPU
		{3AFF86DC-C47E-4018-B43E-35356429EBFC}.Debug|x64.Build.0 = Debug|Any CPU
		{3AFF86DC-C47E-4018-B43E-35356429EBFC}.Debug|x86.ActiveCfg = Debug|Any CPU
		{3AFF86DC-C47E-4018-B43E-35356429EBFC}.Debug|x86.Build.0 = Debug|Any CPU
		{3AFF86DC-C47E-4018-B43E-35356429EBFC}.Release|Any CPU.ActiveCfg = Release|Any CPU
		{3AFF86DC-C47E-4018-B43E-35356429EBFC}.Release|Any CPU.Build.0 = Release|Any CPU
		{3AFF86DC-C47E-4018-B43E-35356429EBFC}.Release|x64.ActiveCfg = Release|Any CPU
		{3AFF86DC-C47E-4018-B43E-35356429EBFC}.Release|x64.Build.0 = Release|Any CPU
		{3AFF86DC-C47E-4018-B43E-35356429EBFC}.Release|x86.ActiveCfg = Release|Any CPU
		{3AFF86DC-C47E-4018-B43E-35356429EBFC}.Release|x86.Build.0 = Release|Any CPU
		{4B7AB7D0-EA42-4F30-A8CE-B7E9A89A56E6}.Debug|Any CPU.ActiveCfg = Debug|Any CPU
		{4B7AB7D0-EA42-4F30-A8CE-B7E9A89A56E6}.Debug|Any CPU.Build.0 = Debug|Any CPU
		{4B7AB7D0-EA42-4F30-A8CE-B7E9A89A56E6}.Debug|x64.ActiveCfg = Debug|Any CPU
		{4B7AB7D0-EA42-4F30-A8CE-B7E9A89A56E6}.Debug|x64.Build.0 = Debug|Any CPU
		{4B7AB7D0-EA42-4F30-A8CE-B7E9A89A56E6}.Debug|x86.ActiveCfg = Debug|Any CPU
		{4B7AB7D0-EA42-4F30-A8CE-B7E9A89A56E6}.Debug|x86.Build.0 = Debug|Any CPU
		{4B7AB7D0-EA42-4F30-A8CE-B7E9A89A56E6}.Release|Any CPU.ActiveCfg = Release|Any CPU
		{4B7AB7D0-EA42-4F30-A8CE-B7E9A89A56E6}.Release|Any CPU.Build.0 = Release|Any CPU
		{4B7AB7D0-EA42-4F30-A8CE-B7E9A89A56E6}.Release|x64.ActiveCfg = Release|Any CPU
		{4B7AB7D0-EA42-4F30-A8CE-B7E9A89A56E6}.Release|x64.Build.0 = Release|Any CPU
		{4B7AB7D0-EA42-4F30-A8CE-B7E9A89A56E6}.Release|x86.ActiveCfg = Release|Any CPU
		{4B7AB7D0-EA42-4F30-A8CE-B7E9A89A56E6}.Release|x86.Build.0 = Release|Any CPU
		{52ED7900-1D5B-4B80-915E-637879F56E8F}.Debug|Any CPU.ActiveCfg = Debug|Any CPU
		{52ED7900-1D5B-4B80-915E-637879F56E8F}.Debug|Any CPU.Build.0 = Debug|Any CPU
		{52ED7900-1D5B-4B80-915E-637879F56E8F}.Debug|x64.ActiveCfg = Debug|Any CPU
		{52ED7900-1D5B-4B80-915E-637879F56E8F}.Debug|x64.Build.0 = Debug|Any CPU
		{52ED7900-1D5B-4B80-915E-637879F56E8F}.Debug|x86.ActiveCfg = Debug|Any CPU
		{52ED7900-1D5B-4B80-915E-637879F56E8F}.Debug|x86.Build.0 = Debug|Any CPU
		{52ED7900-1D5B-4B80-915E-637879F56E8F}.Release|Any CPU.ActiveCfg = Release|Any CPU
		{52ED7900-1D5B-4B80-915E-637879F56E8F}.Release|Any CPU.Build.0 = Release|Any CPU
		{52ED7900-1D5B-4B80-915E-637879F56E8F}.Release|x64.ActiveCfg = Release|Any CPU
		{52ED7900-1D5B-4B80-915E-637879F56E8F}.Release|x64.Build.0 = Release|Any CPU
		{52ED7900-1D5B-4B80-915E-637879F56E8F}.Release|x86.ActiveCfg = Release|Any CPU
		{52ED7900-1D5B-4B80-915E-637879F56E8F}.Release|x86.Build.0 = Release|Any CPU
		{C03270AA-A6C5-4538-A125-396CADE222AA}.Debug|Any CPU.ActiveCfg = Debug|Any CPU
		{C03270AA-A6C5-4538-A125-396CADE222AA}.Debug|Any CPU.Build.0 = Debug|Any CPU
		{C03270AA-A6C5-4538-A125-396CADE222AA}.Debug|x64.ActiveCfg = Debug|Any CPU
		{C03270AA-A6C5-4538-A125-396CADE222AA}.Debug|x64.Build.0 = Debug|Any CPU
		{C03270AA-A6C5-4538-A125-396CADE222AA}.Debug|x86.ActiveCfg = Debug|Any CPU
		{C03270AA-A6C5-4538-A125-396CADE222AA}.Debug|x86.Build.0 = Debug|Any CPU
		{C03270AA-A6C5-4538-A125-396CADE222AA}.Release|Any CPU.ActiveCfg = Release|Any CPU
		{C03270AA-A6C5-4538-A125-396CADE222AA}.Release|Any CPU.Build.0 = Release|Any CPU
		{C03270AA-A6C5-4538-A125-396CADE222AA}.Release|x64.ActiveCfg = Release|Any CPU
		{C03270AA-A6C5-4538-A125-396CADE222AA}.Release|x64.Build.0 = Release|Any CPU
		{C03270AA-A6C5-4538-A125-396CADE222AA}.Release|x86.ActiveCfg = Release|Any CPU
		{C03270AA-A6C5-4538-A125-396CADE222AA}.Release|x86.Build.0 = Release|Any CPU
		{BE1CBAE7-DD84-4E40-88B3-80D571D3AFCC}.Debug|Any CPU.ActiveCfg = Debug|Any CPU
		{BE1CBAE7-DD84-4E40-88B3-80D571D3AFCC}.Debug|Any CPU.Build.0 = Debug|Any CPU
		{BE1CBAE7-DD84-4E40-88B3-80D571D3AFCC}.Debug|x64.ActiveCfg = Debug|Any CPU
		{BE1CBAE7-DD84-4E40-88B3-80D571D3AFCC}.Debug|x64.Build.0 = Debug|Any CPU
		{BE1CBAE7-DD84-4E40-88B3-80D571D3AFCC}.Debug|x86.ActiveCfg = Debug|Any CPU
		{BE1CBAE7-DD84-4E40-88B3-80D571D3AFCC}.Debug|x86.Build.0 = Debug|Any CPU
		{BE1CBAE7-DD84-4E40-88B3-80D571D3AFCC}.Release|Any CPU.ActiveCfg = Release|Any CPU
		{BE1CBAE7-DD84-4E40-88B3-80D571D3AFCC}.Release|Any CPU.Build.0 = Release|Any CPU
		{BE1CBAE7-DD84-4E40-88B3-80D571D3AFCC}.Release|x64.ActiveCfg = Release|Any CPU
		{BE1CBAE7-DD84-4E40-88B3-80D571D3AFCC}.Release|x64.Build.0 = Release|Any CPU
		{BE1CBAE7-DD84-4E40-88B3-80D571D3AFCC}.Release|x86.ActiveCfg = Release|Any CPU
		{BE1CBAE7-DD84-4E40-88B3-80D571D3AFCC}.Release|x86.Build.0 = Release|Any CPU
	EndGlobalSection
	GlobalSection(SolutionProperties) = preSolution
		HideSolutionNode = FALSE
	EndGlobalSection
	GlobalSection(NestedProjects) = preSolution
		{4DF80442-A1E5-CC28-AE7B-27B5F9BFE52B} = {827E0CD3-B72D-47B6-A68D-7590B98EB39B}
		{2703FB0D-36A1-456D-97D7-DCD82A84D93A} = {4DF80442-A1E5-CC28-AE7B-27B5F9BFE52B}
		{176A7294-5E48-46A3-88AB-8198AA0DEBB4} = {4DF80442-A1E5-CC28-AE7B-27B5F9BFE52B}
		{45F61222-458F-4EF0-B93B-295B1ED0D0BD} = {4DF80442-A1E5-CC28-AE7B-27B5F9BFE52B}
		{C88221E1-E482-4ED5-8FEC-2819D9596F81} = {4DF80442-A1E5-CC28-AE7B-27B5F9BFE52B}
		{13C7FC63-9E33-4A91-83AC-B753CEE7CA01} = {4DF80442-A1E5-CC28-AE7B-27B5F9BFE52B}
		{EC447DCF-ABFA-6E24-52A5-D7FD48A5C558} = {827E0CD3-B72D-47B6-A68D-7590B98EB39B}
		{0EC62A1A-9858-3A60-8A0C-FC9AACFA2EC7} = {EC447DCF-ABFA-6E24-52A5-D7FD48A5C558}
		{A4988F6A-F5A9-4F19-8A13-A2312BC7E609} = {0EC62A1A-9858-3A60-8A0C-FC9AACFA2EC7}
		{D49E358A-3DEF-44CC-A4AD-A173437FD429} = {0EC62A1A-9858-3A60-8A0C-FC9AACFA2EC7}
		{80341B46-16F5-42BB-9BA2-E1796F833635} = {0EC62A1A-9858-3A60-8A0C-FC9AACFA2EC7}
		{CA5186C2-289A-9324-4152-9805A73A9773} = {EC447DCF-ABFA-6E24-52A5-D7FD48A5C558}
		{498DEAA0-1F71-4FDB-8562-9D29D472C1AD} = {CA5186C2-289A-9324-4152-9805A73A9773}
		{FF8D50BF-3B48-445D-9E26-906119FD7C83} = {CA5186C2-289A-9324-4152-9805A73A9773}
		{01AF3493-8CB5-4E3F-AB81-24A49812EBDA} = {CA5186C2-289A-9324-4152-9805A73A9773}
		{45D4843E-D65D-046D-A47C-6FD9A62F431A} = {EC447DCF-ABFA-6E24-52A5-D7FD48A5C558}
		{94E083A8-2814-4D47-B972-B8FF9DEEBC9B} = {45D4843E-D65D-046D-A47C-6FD9A62F431A}
		{5E54190F-5C91-47EB-B62C-EC2162665A34} = {45D4843E-D65D-046D-A47C-6FD9A62F431A}
		{3E7930E6-241A-4F91-A661-5121ECF3EABA} = {45D4843E-D65D-046D-A47C-6FD9A62F431A}
		{33660D39-1269-9B84-677B-56E9D3E08720} = {EC447DCF-ABFA-6E24-52A5-D7FD48A5C558}
		{C576AB19-3CCC-4C33-8AAC-B9B6544DF27B} = {33660D39-1269-9B84-677B-56E9D3E08720}
		{690076EA-F954-4539-92A9-AB27D6C9B8B5} = {33660D39-1269-9B84-677B-56E9D3E08720}
		{A3226692-01A1-4BCA-9A0E-20B931F54211} = {33660D39-1269-9B84-677B-56E9D3E08720}
		{AE120A0E-5815-2D46-946C-DA544028AD88} = {EC447DCF-ABFA-6E24-52A5-D7FD48A5C558}
		{42DCB15D-49C4-42CA-A532-59E2A4543EA9} = {AE120A0E-5815-2D46-946C-DA544028AD88}
		{46E8E173-AA49-49B9-B3F2-C444488F2618} = {AE120A0E-5815-2D46-946C-DA544028AD88}
		{0DE6644E-C752-48AE-9CF5-AA99361EED58} = {AE120A0E-5815-2D46-946C-DA544028AD88}
		{ABB153F5-497E-25E7-E918-29ED4C71B6E5} = {EC447DCF-ABFA-6E24-52A5-D7FD48A5C558}
		{C3D8E81F-EF11-41B9-82F7-BC68AE829333} = {ABB153F5-497E-25E7-E918-29ED4C71B6E5}
		{F0C2F934-64EC-409E-9FC3-AA71A8E1A190} = {ABB153F5-497E-25E7-E918-29ED4C71B6E5}
		{449D9058-B174-45D2-B307-1D70AF1B99F4} = {ABB153F5-497E-25E7-E918-29ED4C71B6E5}
		{DE9DAF8A-E684-0FD3-FFDC-40D3E3158533} = {EC447DCF-ABFA-6E24-52A5-D7FD48A5C558}
		{7F70B43E-09F4-4153-93B5-27F0097368D2} = {DE9DAF8A-E684-0FD3-FFDC-40D3E3158533}
		{70199052-CF8C-45E3-8DFF-2B205244397B} = {DE9DAF8A-E684-0FD3-FFDC-40D3E3158533}
		{BECEA70B-A1CB-4C20-A50C-092B50A4DAFC} = {DE9DAF8A-E684-0FD3-FFDC-40D3E3158533}
		{CCE8970C-F19F-F7F5-0E2D-F3755490E052} = {EC447DCF-ABFA-6E24-52A5-D7FD48A5C558}
		{3AFF86DC-C47E-4018-B43E-35356429EBFC} = {CCE8970C-F19F-F7F5-0E2D-F3755490E052}
		{4B7AB7D0-EA42-4F30-A8CE-B7E9A89A56E6} = {CCE8970C-F19F-F7F5-0E2D-F3755490E052}
		{52ED7900-1D5B-4B80-915E-637879F56E8F} = {CCE8970C-F19F-F7F5-0E2D-F3755490E052}
		{C03270AA-A6C5-4538-A125-396CADE222AA} = {0AB3BF05-4346-4AA6-1389-037BE0695223}
		{BE1CBAE7-DD84-4E40-88B3-80D571D3AFCC} = {0AB3BF05-4346-4AA6-1389-037BE0695223}
	EndGlobalSection
EndGlobal
